
Microsoft Visual Studio Solution File, Format Version 12.00
# Visual Studio 15
VisualStudioVersion = 15.0.28307.168
MinimumVisualStudioVersion = 10.0.40219.1
Project("{F184B08F-C81C-45F6-A57F-5ABD9991F28F}") = "GoSmartWChat", "GoSmartWChat\GoSmartWChat.vbproj", "{34C23649-E30E-485B-A83B-65AF9A796AC5}"
EndProject
Project("{C7167F0D-BC9F-4E6E-AFE1-012C56B48DB5}") = "GOSmartWChatPackage", "GOSmartWChatPackage\GOSmartWChatPackage.wapproj", "{CF911207-B965-4559-B1A5-B60FE5CA051B}"
EndProject
Global
	GlobalSection(SolutionConfigurationPlatforms) = preSolution
		Debug|Any CPU = Debug|Any CPU
		Debug|x64 = Debug|x64
		Debug|x86 = Debug|x86
		Release|Any CPU = Release|Any CPU
		Release|x64 = Release|x64
		Release|x86 = Release|x86
	EndGlobalSection
	GlobalSection(ProjectConfigurationPlatforms) = postSolution
		{34C23649-E30E-485B-A83B-65AF9A796AC5}.Debug|Any CPU.ActiveCfg = Debug|Any CPU
		{34C23649-E30E-485B-A83B-65AF9A796AC5}.Debug|Any CPU.Build.0 = Debug|Any CPU
		{34C23649-E30E-485B-A83B-65AF9A796AC5}.Debug|x64.ActiveCfg = Debug|x64
		{34C23649-E30E-485B-A83B-65AF9A796AC5}.Debug|x64.Build.0 = Debug|x64
		{34C23649-E30E-485B-A83B-65AF9A796AC5}.Debug|x86.ActiveCfg = Debug|x86
		{34C23649-E30E-485B-A83B-65AF9A796AC5}.Debug|x86.Build.0 = Debug|x86
		{34C23649-E30E-485B-A83B-65AF9A796AC5}.Release|Any CPU.ActiveCfg = Release|Any CPU
		{34C23649-E30E-485B-A83B-65AF9A796AC5}.Release|Any CPU.Build.0 = Release|Any CPU
		{34C23649-E30E-485B-A83B-65AF9A796AC5}.Release|x64.ActiveCfg = Release|x64
		{34C23649-E30E-485B-A83B-65AF9A796AC5}.Release|x64.Build.0 = Release|x64
		{34C23649-E30E-485B-A83B-65AF9A796AC5}.Release|x86.ActiveCfg = Release|Any CPU
		{34C23649-E30E-485B-A83B-65AF9A796AC5}.Release|x86.Build.0 = Release|Any CPU
		{CF911207-B965-4559-B1A5-B60FE5CA051B}.Debug|Any CPU.ActiveCfg = Debug|Any CPU
		{CF911207-B965-4559-B1A5-B60FE5CA051B}.Debug|Any CPU.Build.0 = Debug|Any CPU
		{CF911207-B965-4559-B1A5-B60FE5CA051B}.Debug|Any CPU.Deploy.0 = Debug|Any CPU
		{CF911207-B965-4559-B1A5-B60FE5CA051B}.Debug|x64.ActiveCfg = Debug|x64
		{CF911207-B965-4559-B1A5-B60FE5CA051B}.Debug|x64.Build.0 = Debug|x64
		{CF911207-B965-4559-B1A5-B60FE5CA051B}.Debug|x64.Deploy.0 = Debug|x64
		{CF911207-B965-4559-B1A5-B60FE5CA051B}.Debug|x86.ActiveCfg = Debug|x86
		{CF911207-B965-4559-B1A5-B60FE5CA051B}.Debug|x86.Build.0 = Debug|x86
		{CF911207-B965-4559-B1A5-B60FE5CA051B}.Debug|x86.Deploy.0 = Debug|x86
		{CF911207-B965-4559-B1A5-B60FE5CA051B}.Release|Any CPU.ActiveCfg = Release|Any CPU
		{CF911207-B965-4559-B1A5-B60FE5CA051B}.Release|Any CPU.Build.0 = Release|Any CPU
		{CF911207-B965-4559-B1A5-B60FE5CA051B}.Release|Any CPU.Deploy.0 = Release|Any CPU
		{CF911207-B965-4559-B1A5-B60FE5CA051B}.Release|x64.ActiveCfg = Release|x64
		{CF911207-B965-4559-B1A5-B60FE5CA051B}.Release|x64.Build.0 = Release|x64
		{CF911207-B965-4559-B1A5-B60FE5CA051B}.Release|x64.Deploy.0 = Release|x64
		{CF911207-B965-4559-B1A5-B60FE5CA051B}.Release|x86.ActiveCfg = Release|x86
		{CF911207-B965-4559-B1A5-B60FE5CA051B}.Release|x86.Build.0 = Release|x86
		{CF911207-B965-4559-B1A5-B60FE5CA051B}.Release|x86.Deploy.0 = Release|x86
	EndGlobalSection
	GlobalSection(SolutionProperties) = preSolution
		HideSolutionNode = FALSE
	EndGlobalSection
	GlobalSection(ExtensibilityGlobals) = postSolution
		SolutionGuid = {624079B8-E834-40FC-A7ED-3FB5C804908A}
	EndGlobalSection
EndGlobal
